
Microsoft Visual Studio Solution File, Format Version 12.00
# Visual Studio 2013
VisualStudioVersion = 12.0.30723.0
MinimumVisualStudioVersion = 10.0.40219.1
Project("{FAE04EC0-301F-11D3-BF4B-00C04F79EFBC}") = "DemoWPF", "DemoWPF\DemoWPF.csproj", "{0F32D6EA-6048-418A-8DD3-29685C57235F}"
EndProject
Project("{FAE04EC0-301F-11D3-BF4B-00C04F79EFBC}") = "DemoWPF2", "DemoWPF2\DemoWPF2.csproj", "{C678F8F0-4457-41C1-991D-9A37D36FF344}"
EndProject
Project("{FAE04EC0-301F-11D3-BF4B-00C04F79EFBC}") = "TP1", "TP1\TP1.csproj", "{23FCCFC3-2448-4A7D-BBFC-83D1A8F3AF8F}"
EndProject
Project("{FAE04EC0-301F-11D3-BF4B-00C04F79EFBC}") = "DemoBlend", "DemoBlend\DemoBlend.csproj", "{9808879F-EF75-494E-B3AD-EE82A7032685}"
EndProject
Project("{FAE04EC0-301F-11D3-BF4B-00C04F79EFBC}") = "TP2", "TP2\TP2.csproj", "{C0F1F8E5-8CFC-41D0-BC49-42F5DC405D70}"
EndProject
Project("{FAE04EC0-301F-11D3-BF4B-00C04F79EFBC}") = "DemoGrid", "DemoGrid\DemoGrid.csproj", "{CEDE93B4-415D-4CCD-BD7E-276A28168147}"
EndProject
Project("{FAE04EC0-301F-11D3-BF4B-00C04F79EFBC}") = "DemoCanvas", "DemoCanvas\DemoCanvas.csproj", "{3E7B7312-0CF3-4C0B-A2AF-DCBBDFA40A8A}"
EndProject
Project("{FAE04EC0-301F-11D3-BF4B-00C04F79EFBC}") = "DemoStackPanel", "DemoStackPanel\DemoStackPanel.csproj", "{4CCAAA4B-50E5-473E-AA69-02947756D603}"
EndProject
Project("{FAE04EC0-301F-11D3-BF4B-00C04F79EFBC}") = "DemoWrapPanel", "DemoWrapPanel\DemoWrapPanel.csproj", "{08819FF8-0873-4FE7-A05E-334E7AC271F0}"
EndProject
Project("{FAE04EC0-301F-11D3-BF4B-00C04F79EFBC}") = "DemoTextBlock", "DemoTextBlock\DemoTextBlock.csproj", "{5687E8B3-A584-4AA9-8613-EFA38F03D998}"
EndProject
Project("{FAE04EC0-301F-11D3-BF4B-00C04F79EFBC}") = "DemoListBox", "DemoListBox\DemoListBox.csproj", "{ED7B8988-AB1F-4A6B-A94D-DD13E7C8881A}"
EndProject
Project("{FAE04EC0-301F-11D3-BF4B-00C04F79EFBC}") = "DemoProgessBar", "DemoProgessBar\DemoProgessBar.csproj", "{449C43F5-E558-4058-8320-EEA34B64D2A1}"
EndProject
Project("{FAE04EC0-301F-11D3-BF4B-00C04F79EFBC}") = "DemoNavigation", "DemoNavigation\DemoNavigation.csproj", "{4BF1D9D9-F076-4F44-88C5-363F7EFF1B4D}"
EndProject
Project("{FAE04EC0-301F-11D3-BF4B-00C04F79EFBC}") = "TP3", "TP3\TP3.csproj", "{8A819A60-D6A9-42C5-A256-E7FC0B785468}"
EndProject
Project("{FAE04EC0-301F-11D3-BF4B-00C04F79EFBC}") = "TP4", "TP4\TP4.csproj", "{C317647F-EC01-4153-936B-864A4FAA74D9}"
EndProject
Project("{FAE04EC0-301F-11D3-BF4B-00C04F79EFBC}") = "TP5", "TP5\TP5.csproj", "{388AA0DB-C766-4AAE-80C0-3A38D15E909C}"
EndProject
Project("{FAE04EC0-301F-11D3-BF4B-00C04F79EFBC}") = "DemoCommand", "DemoCommand\DemoCommand.csproj", "{6F6E760C-81D7-4D77-83C5-ED39BE18FD7D}"
EndProject
Project("{FAE04EC0-301F-11D3-BF4B-00C04F79EFBC}") = "DemoDependencyProperty", "DemoDependencyProperty\DemoDependencyProperty.csproj", "{C1AB6BEC-0282-4699-A92C-F6F81AD798B7}"
EndProject
Project("{FAE04EC0-301F-11D3-BF4B-00C04F79EFBC}") = "TP6 (NavigateurWeb)", "TP6 (NavigateurWeb)\TP6 (NavigateurWeb).csproj", "{68938721-6927-4D49-9D7C-C5607CB6D966}"
EndProject
Project("{FAE04EC0-301F-11D3-BF4B-00C04F79EFBC}") = "TP7 (Flus rss)", "TP7 (Flus rss)\TP7 (Flus rss).csproj", "{4C9F3530-01AE-4456-BBB8-E245E0EDC090}"
EndProject
Project("{FAE04EC0-301F-11D3-BF4B-00C04F79EFBC}") = "WindowsBlogReader", "WindowsBlogReader\WindowsBlogReader.csproj", "{BEE65368-CE37-4C56-9508-F32CB9FF52DD}"
EndProject
Global
	GlobalSection(SolutionConfigurationPlatforms) = preSolution
		Debug|Any CPU = Debug|Any CPU
		Debug|ARM = Debug|ARM
		Debug|x64 = Debug|x64
		Debug|x86 = Debug|x86
		Release|Any CPU = Release|Any CPU
		Release|ARM = Release|ARM
		Release|x64 = Release|x64
		Release|x86 = Release|x86
	EndGlobalSection
	GlobalSection(ProjectConfigurationPlatforms) = postSolution
		{0F32D6EA-6048-418A-8DD3-29685C57235F}.Debug|Any CPU.ActiveCfg = Debug|Any CPU
		{0F32D6EA-6048-418A-8DD3-29685C57235F}.Debug|Any CPU.Build.0 = Debug|Any CPU
		{0F32D6EA-6048-418A-8DD3-29685C57235F}.Debug|ARM.ActiveCfg = Debug|Any CPU
		{0F32D6EA-6048-418A-8DD3-29685C57235F}.Debug|x64.ActiveCfg = Debug|Any CPU
		{0F32D6EA-6048-418A-8DD3-29685C57235F}.Debug|x86.ActiveCfg = Debug|Any CPU
		{0F32D6EA-6048-418A-8DD3-29685C57235F}.Release|Any CPU.ActiveCfg = Release|Any CPU
		{0F32D6EA-6048-418A-8DD3-29685C57235F}.Release|Any CPU.Build.0 = Release|Any CPU
		{0F32D6EA-6048-418A-8DD3-29685C57235F}.Release|ARM.ActiveCfg = Release|Any CPU
		{0F32D6EA-6048-418A-8DD3-29685C57235F}.Release|x64.ActiveCfg = Release|Any CPU
		{0F32D6EA-6048-418A-8DD3-29685C57235F}.Release|x86.ActiveCfg = Release|Any CPU
		{C678F8F0-4457-41C1-991D-9A37D36FF344}.Debug|Any CPU.ActiveCfg = Debug|Any CPU
		{C678F8F0-4457-41C1-991D-9A37D36FF344}.Debug|Any CPU.Build.0 = Debug|Any CPU
		{C678F8F0-4457-41C1-991D-9A37D36FF344}.Debug|ARM.ActiveCfg = Debug|Any CPU
		{C678F8F0-4457-41C1-991D-9A37D36FF344}.Debug|x64.ActiveCfg = Debug|Any CPU
		{C678F8F0-4457-41C1-991D-9A37D36FF344}.Debug|x86.ActiveCfg = Debug|Any CPU
		{C678F8F0-4457-41C1-991D-9A37D36FF344}.Release|Any CPU.ActiveCfg = Release|Any CPU
		{C678F8F0-4457-41C1-991D-9A37D36FF344}.Release|Any CPU.Build.0 = Release|Any CPU
		{C678F8F0-4457-41C1-991D-9A37D36FF344}.Release|ARM.ActiveCfg = Release|Any CPU
		{C678F8F0-4457-41C1-991D-9A37D36FF344}.Release|x64.ActiveCfg = Release|Any CPU
		{C678F8F0-4457-41C1-991D-9A37D36FF344}.Release|x86.ActiveCfg = Release|Any CPU
		{23FCCFC3-2448-4A7D-BBFC-83D1A8F3AF8F}.Debug|Any CPU.ActiveCfg = Debug|Any CPU
		{23FCCFC3-2448-4A7D-BBFC-83D1A8F3AF8F}.Debug|Any CPU.Build.0 = Debug|Any CPU
		{23FCCFC3-2448-4A7D-BBFC-83D1A8F3AF8F}.Debug|ARM.ActiveCfg = Debug|Any CPU
		{23FCCFC3-2448-4A7D-BBFC-83D1A8F3AF8F}.Debug|x64.ActiveCfg = Debug|Any CPU
		{23FCCFC3-2448-4A7D-BBFC-83D1A8F3AF8F}.Debug|x86.ActiveCfg = Debug|Any CPU
		{23FCCFC3-2448-4A7D-BBFC-83D1A8F3AF8F}.Release|Any CPU.ActiveCfg = Release|Any CPU
		{23FCCFC3-2448-4A7D-BBFC-83D1A8F3AF8F}.Release|Any CPU.Build.0 = Release|Any CPU
		{23FCCFC3-2448-4A7D-BBFC-83D1A8F3AF8F}.Release|ARM.ActiveCfg = Release|Any CPU
		{23FCCFC3-2448-4A7D-BBFC-83D1A8F3AF8F}.Release|x64.ActiveCfg = Release|Any CPU
		{23FCCFC3-2448-4A7D-BBFC-83D1A8F3AF8F}.Release|x86.ActiveCfg = Release|Any CPU
		{9808879F-EF75-494E-B3AD-EE82A7032685}.Debug|Any CPU.ActiveCfg = Debug|Any CPU
		{9808879F-EF75-494E-B3AD-EE82A7032685}.Debug|Any CPU.Build.0 = Debug|Any CPU
		{9808879F-EF75-494E-B3AD-EE82A7032685}.Debug|Any CPU.Deploy.0 = Debug|Any CPU
		{9808879F-EF75-494E-B3AD-EE82A7032685}.Debug|ARM.ActiveCfg = Debug|ARM
		{9808879F-EF75-494E-B3AD-EE82A7032685}.Debug|ARM.Build.0 = Debug|ARM
		{9808879F-EF75-494E-B3AD-EE82A7032685}.Debug|ARM.Deploy.0 = Debug|ARM
		{9808879F-EF75-494E-B3AD-EE82A7032685}.Debug|x64.ActiveCfg = Debug|Any CPU
		{9808879F-EF75-494E-B3AD-EE82A7032685}.Debug|x86.ActiveCfg = Debug|x86
		{9808879F-EF75-494E-B3AD-EE82A7032685}.Debug|x86.Build.0 = Debug|x86
		{9808879F-EF75-494E-B3AD-EE82A7032685}.Debug|x86.Deploy.0 = Debug|x86
		{9808879F-EF75-494E-B3AD-EE82A7032685}.Release|Any CPU.ActiveCfg = Release|Any CPU
		{9808879F-EF75-494E-B3AD-EE82A7032685}.Release|Any CPU.Build.0 = Release|Any CPU
		{9808879F-EF75-494E-B3AD-EE82A7032685}.Release|Any CPU.Deploy.0 = Release|Any CPU
		{9808879F-EF75-494E-B3AD-EE82A7032685}.Release|ARM.ActiveCfg = Release|ARM
		{9808879F-EF75-494E-B3AD-EE82A7032685}.Release|ARM.Build.0 = Release|ARM
		{9808879F-EF75-494E-B3AD-EE82A7032685}.Release|ARM.Deploy.0 = Release|ARM
		{9808879F-EF75-494E-B3AD-EE82A7032685}.Release|x64.ActiveCfg = Release|Any CPU
		{9808879F-EF75-494E-B3AD-EE82A7032685}.Release|x86.ActiveCfg = Release|x86
		{9808879F-EF75-494E-B3AD-EE82A7032685}.Release|x86.Build.0 = Release|x86
		{9808879F-EF75-494E-B3AD-EE82A7032685}.Release|x86.Deploy.0 = Release|x86
		{C0F1F8E5-8CFC-41D0-BC49-42F5DC405D70}.Debug|Any CPU.ActiveCfg = Debug|Any CPU
		{C0F1F8E5-8CFC-41D0-BC49-42F5DC405D70}.Debug|Any CPU.Build.0 = Debug|Any CPU
		{C0F1F8E5-8CFC-41D0-BC49-42F5DC405D70}.Debug|ARM.ActiveCfg = Debug|Any CPU
		{C0F1F8E5-8CFC-41D0-BC49-42F5DC405D70}.Debug|x64.ActiveCfg = Debug|Any CPU
		{C0F1F8E5-8CFC-41D0-BC49-42F5DC405D70}.Debug|x86.ActiveCfg = Debug|Any CPU
		{C0F1F8E5-8CFC-41D0-BC49-42F5DC405D70}.Release|Any CPU.ActiveCfg = Release|Any CPU
		{C0F1F8E5-8CFC-41D0-BC49-42F5DC405D70}.Release|Any CPU.Build.0 = Release|Any CPU
		{C0F1F8E5-8CFC-41D0-BC49-42F5DC405D70}.Release|ARM.ActiveCfg = Release|Any CPU
		{C0F1F8E5-8CFC-41D0-BC49-42F5DC405D70}.Release|x64.ActiveCfg = Release|Any CPU
		{C0F1F8E5-8CFC-41D0-BC49-42F5DC405D70}.Release|x86.ActiveCfg = Release|Any CPU
		{CEDE93B4-415D-4CCD-BD7E-276A28168147}.Debug|Any CPU.ActiveCfg = Debug|Any CPU
		{CEDE93B4-415D-4CCD-BD7E-276A28168147}.Debug|Any CPU.Build.0 = Debug|Any CPU
		{CEDE93B4-415D-4CCD-BD7E-276A28168147}.Debug|ARM.ActiveCfg = Debug|Any CPU
		{CEDE93B4-415D-4CCD-BD7E-276A28168147}.Debug|x64.ActiveCfg = Debug|Any CPU
		{CEDE93B4-415D-4CCD-BD7E-276A28168147}.Debug|x86.ActiveCfg = Debug|Any CPU
		{CEDE93B4-415D-4CCD-BD7E-276A28168147}.Release|Any CPU.ActiveCfg = Release|Any CPU
		{CEDE93B4-415D-4CCD-BD7E-276A28168147}.Release|Any CPU.Build.0 = Release|Any CPU
		{CEDE93B4-415D-4CCD-BD7E-276A28168147}.Release|ARM.ActiveCfg = Release|Any CPU
		{CEDE93B4-415D-4CCD-BD7E-276A28168147}.Release|x64.ActiveCfg = Release|Any CPU
		{CEDE93B4-415D-4CCD-BD7E-276A28168147}.Release|x86.ActiveCfg = Release|Any CPU
		{3E7B7312-0CF3-4C0B-A2AF-DCBBDFA40A8A}.Debug|Any CPU.ActiveCfg = Debug|Any CPU
		{3E7B7312-0CF3-4C0B-A2AF-DCBBDFA40A8A}.Debug|Any CPU.Build.0 = Debug|Any CPU
		{3E7B7312-0CF3-4C0B-A2AF-DCBBDFA40A8A}.Debug|ARM.ActiveCfg = Debug|Any CPU
		{3E7B7312-0CF3-4C0B-A2AF-DCBBDFA40A8A}.Debug|x64.ActiveCfg = Debug|Any CPU
		{3E7B7312-0CF3-4C0B-A2AF-DCBBDFA40A8A}.Debug|x86.ActiveCfg = Debug|Any CPU
		{3E7B7312-0CF3-4C0B-A2AF-DCBBDFA40A8A}.Release|Any CPU.ActiveCfg = Release|Any CPU
		{3E7B7312-0CF3-4C0B-A2AF-DCBBDFA40A8A}.Release|Any CPU.Build.0 = Release|Any CPU
		{3E7B7312-0CF3-4C0B-A2AF-DCBBDFA40A8A}.Release|ARM.ActiveCfg = Release|Any CPU
		{3E7B7312-0CF3-4C0B-A2AF-DCBBDFA40A8A}.Release|x64.ActiveCfg = Release|Any CPU
		{3E7B7312-0CF3-4C0B-A2AF-DCBBDFA40A8A}.Release|x86.ActiveCfg = Release|Any CPU
		{4CCAAA4B-50E5-473E-AA69-02947756D603}.Debug|Any CPU.ActiveCfg = Debug|Any CPU
		{4CCAAA4B-50E5-473E-AA69-02947756D603}.Debug|Any CPU.Build.0 = Debug|Any CPU
		{4CCAAA4B-50E5-473E-AA69-02947756D603}.Debug|ARM.ActiveCfg = Debug|Any CPU
		{4CCAAA4B-50E5-473E-AA69-02947756D603}.Debug|x64.ActiveCfg = Debug|Any CPU
		{4CCAAA4B-50E5-473E-AA69-02947756D603}.Debug|x86.ActiveCfg = Debug|Any CPU
		{4CCAAA4B-50E5-473E-AA69-02947756D603}.Release|Any CPU.ActiveCfg = Release|Any CPU
		{4CCAAA4B-50E5-473E-AA69-02947756D603}.Release|Any CPU.Build.0 = Release|Any CPU
		{4CCAAA4B-50E5-473E-AA69-02947756D603}.Release|ARM.ActiveCfg = Release|Any CPU
		{4CCAAA4B-50E5-473E-AA69-02947756D603}.Release|x64.ActiveCfg = Release|Any CPU
		{4CCAAA4B-50E5-473E-AA69-02947756D603}.Release|x86.ActiveCfg = Release|Any CPU
		{08819FF8-0873-4FE7-A05E-334E7AC271F0}.Debug|Any CPU.ActiveCfg = Debug|Any CPU
		{08819FF8-0873-4FE7-A05E-334E7AC271F0}.Debug|Any CPU.Build.0 = Debug|Any CPU
		{08819FF8-0873-4FE7-A05E-334E7AC271F0}.Debug|ARM.ActiveCfg = Debug|Any CPU
		{08819FF8-0873-4FE7-A05E-334E7AC271F0}.Debug|x64.ActiveCfg = Debug|Any CPU
		{08819FF8-0873-4FE7-A05E-334E7AC271F0}.Debug|x86.ActiveCfg = Debug|Any CPU
		{08819FF8-0873-4FE7-A05E-334E7AC271F0}.Release|Any CPU.ActiveCfg = Release|Any CPU
		{08819FF8-0873-4FE7-A05E-334E7AC271F0}.Release|Any CPU.Build.0 = Release|Any CPU
		{08819FF8-0873-4FE7-A05E-334E7AC271F0}.Release|ARM.ActiveCfg = Release|Any CPU
		{08819FF8-0873-4FE7-A05E-334E7AC271F0}.Release|x64.ActiveCfg = Release|Any CPU
		{08819FF8-0873-4FE7-A05E-334E7AC271F0}.Release|x86.ActiveCfg = Release|Any CPU
		{5687E8B3-A584-4AA9-8613-EFA38F03D998}.Debug|Any CPU.ActiveCfg = Debug|Any CPU
		{5687E8B3-A584-4AA9-8613-EFA38F03D998}.Debug|Any CPU.Build.0 = Debug|Any CPU
		{5687E8B3-A584-4AA9-8613-EFA38F03D998}.Debug|ARM.ActiveCfg = Debug|Any CPU
		{5687E8B3-A584-4AA9-8613-EFA38F03D998}.Debug|x64.ActiveCfg = Debug|Any CPU
		{5687E8B3-A584-4AA9-8613-EFA38F03D998}.Debug|x86.ActiveCfg = Debug|Any CPU
		{5687E8B3-A584-4AA9-8613-EFA38F03D998}.Release|Any CPU.ActiveCfg = Release|Any CPU
		{5687E8B3-A584-4AA9-8613-EFA38F03D998}.Release|Any CPU.Build.0 = Release|Any CPU
		{5687E8B3-A584-4AA9-8613-EFA38F03D998}.Release|ARM.ActiveCfg = Release|Any CPU
		{5687E8B3-A584-4AA9-8613-EFA38F03D998}.Release|x64.ActiveCfg = Release|Any CPU
		{5687E8B3-A584-4AA9-8613-EFA38F03D998}.Release|x86.ActiveCfg = Release|Any CPU
		{ED7B8988-AB1F-4A6B-A94D-DD13E7C8881A}.Debug|Any CPU.ActiveCfg = Debug|Any CPU
		{ED7B8988-AB1F-4A6B-A94D-DD13E7C8881A}.Debug|Any CPU.Build.0 = Debug|Any CPU
		{ED7B8988-AB1F-4A6B-A94D-DD13E7C8881A}.Debug|ARM.ActiveCfg = Debug|Any CPU
		{ED7B8988-AB1F-4A6B-A94D-DD13E7C8881A}.Debug|x64.ActiveCfg = Debug|Any CPU
		{ED7B8988-AB1F-4A6B-A94D-DD13E7C8881A}.Debug|x86.ActiveCfg = Debug|Any CPU
		{ED7B8988-AB1F-4A6B-A94D-DD13E7C8881A}.Release|Any CPU.ActiveCfg = Release|Any CPU
		{ED7B8988-AB1F-4A6B-A94D-DD13E7C8881A}.Release|Any CPU.Build.0 = Release|Any CPU
		{ED7B8988-AB1F-4A6B-A94D-DD13E7C8881A}.Release|ARM.ActiveCfg = Release|Any CPU
		{ED7B8988-AB1F-4A6B-A94D-DD13E7C8881A}.Release|x64.ActiveCfg = Release|Any CPU
		{ED7B8988-AB1F-4A6B-A94D-DD13E7C8881A}.Release|x86.ActiveCfg = Release|Any CPU
		{449C43F5-E558-4058-8320-EEA34B64D2A1}.Debug|Any CPU.ActiveCfg = Debug|Any CPU
		{449C43F5-E558-4058-8320-EEA34B64D2A1}.Debug|Any CPU.Build.0 = Debug|Any CPU
		{449C43F5-E558-4058-8320-EEA34B64D2A1}.Debug|ARM.ActiveCfg = Debug|Any CPU
		{449C43F5-E558-4058-8320-EEA34B64D2A1}.Debug|x64.ActiveCfg = Debug|Any CPU
		{449C43F5-E558-4058-8320-EEA34B64D2A1}.Debug|x86.ActiveCfg = Debug|Any CPU
		{449C43F5-E558-4058-8320-EEA34B64D2A1}.Release|Any CPU.ActiveCfg = Release|Any CPU
		{449C43F5-E558-4058-8320-EEA34B64D2A1}.Release|Any CPU.Build.0 = Release|Any CPU
		{449C43F5-E558-4058-8320-EEA34B64D2A1}.Release|ARM.ActiveCfg = Release|Any CPU
		{449C43F5-E558-4058-8320-EEA34B64D2A1}.Release|x64.ActiveCfg = Release|Any CPU
		{449C43F5-E558-4058-8320-EEA34B64D2A1}.Release|x86.ActiveCfg = Release|Any CPU
		{4BF1D9D9-F076-4F44-88C5-363F7EFF1B4D}.Debug|Any CPU.ActiveCfg = Debug|Any CPU
		{4BF1D9D9-F076-4F44-88C5-363F7EFF1B4D}.Debug|Any CPU.Build.0 = Debug|Any CPU
		{4BF1D9D9-F076-4F44-88C5-363F7EFF1B4D}.Debug|ARM.ActiveCfg = Debug|Any CPU
		{4BF1D9D9-F076-4F44-88C5-363F7EFF1B4D}.Debug|x64.ActiveCfg = Debug|Any CPU
		{4BF1D9D9-F076-4F44-88C5-363F7EFF1B4D}.Debug|x86.ActiveCfg = Debug|Any CPU
		{4BF1D9D9-F076-4F44-88C5-363F7EFF1B4D}.Release|Any CPU.ActiveCfg = Release|Any CPU
		{4BF1D9D9-F076-4F44-88C5-363F7EFF1B4D}.Release|Any CPU.Build.0 = Release|Any CPU
		{4BF1D9D9-F076-4F44-88C5-363F7EFF1B4D}.Release|ARM.ActiveCfg = Release|Any CPU
		{4BF1D9D9-F076-4F44-88C5-363F7EFF1B4D}.Release|x64.ActiveCfg = Release|Any CPU
		{4BF1D9D9-F076-4F44-88C5-363F7EFF1B4D}.Release|x86.ActiveCfg = Release|Any CPU
		{8A819A60-D6A9-42C5-A256-E7FC0B785468}.Debug|Any CPU.ActiveCfg = Debug|Any CPU
		{8A819A60-D6A9-42C5-A256-E7FC0B785468}.Debug|Any CPU.Build.0 = Debug|Any CPU
		{8A819A60-D6A9-42C5-A256-E7FC0B785468}.Debug|ARM.ActiveCfg = Debug|Any CPU
		{8A819A60-D6A9-42C5-A256-E7FC0B785468}.Debug|x64.ActiveCfg = Debug|Any CPU
		{8A819A60-D6A9-42C5-A256-E7FC0B785468}.Debug|x86.ActiveCfg = Debug|Any CPU
		{8A819A60-D6A9-42C5-A256-E7FC0B785468}.Release|Any CPU.ActiveCfg = Release|Any CPU
		{8A819A60-D6A9-42C5-A256-E7FC0B785468}.Release|Any CPU.Build.0 = Release|Any CPU
		{8A819A60-D6A9-42C5-A256-E7FC0B785468}.Release|ARM.ActiveCfg = Release|Any CPU
		{8A819A60-D6A9-42C5-A256-E7FC0B785468}.Release|x64.ActiveCfg = Release|Any CPU
		{8A819A60-D6A9-42C5-A256-E7FC0B785468}.Release|x86.ActiveCfg = Release|Any CPU
		{C317647F-EC01-4153-936B-864A4FAA74D9}.Debug|Any CPU.ActiveCfg = Debug|Any CPU
		{C317647F-EC01-4153-936B-864A4FAA74D9}.Debug|Any CPU.Build.0 = Debug|Any CPU
		{C317647F-EC01-4153-936B-864A4FAA74D9}.Debug|ARM.ActiveCfg = Debug|Any CPU
		{C317647F-EC01-4153-936B-864A4FAA74D9}.Debug|x64.ActiveCfg = Debug|Any CPU
		{C317647F-EC01-4153-936B-864A4FAA74D9}.Debug|x86.ActiveCfg = Debug|Any CPU
		{C317647F-EC01-4153-936B-864A4FAA74D9}.Release|Any CPU.ActiveCfg = Release|Any CPU
		{C317647F-EC01-4153-936B-864A4FAA74D9}.Release|Any CPU.Build.0 = Release|Any CPU
		{C317647F-EC01-4153-936B-864A4FAA74D9}.Release|ARM.ActiveCfg = Release|Any CPU
		{C317647F-EC01-4153-936B-864A4FAA74D9}.Release|x64.ActiveCfg = Release|Any CPU
		{C317647F-EC01-4153-936B-864A4FAA74D9}.Release|x86.ActiveCfg = Release|Any CPU
		{388AA0DB-C766-4AAE-80C0-3A38D15E909C}.Debug|Any CPU.ActiveCfg = Debug|Any CPU
		{388AA0DB-C766-4AAE-80C0-3A38D15E909C}.Debug|Any CPU.Build.0 = Debug|Any CPU
		{388AA0DB-C766-4AAE-80C0-3A38D15E909C}.Debug|ARM.ActiveCfg = Debug|Any CPU
		{388AA0DB-C766-4AAE-80C0-3A38D15E909C}.Debug|x64.ActiveCfg = Debug|Any CPU
		{388AA0DB-C766-4AAE-80C0-3A38D15E909C}.Debug|x86.ActiveCfg = Debug|Any CPU
		{388AA0DB-C766-4AAE-80C0-3A38D15E909C}.Release|Any CPU.ActiveCfg = Release|Any CPU
		{388AA0DB-C766-4AAE-80C0-3A38D15E909C}.Release|Any CPU.Build.0 = Release|Any CPU
		{388AA0DB-C766-4AAE-80C0-3A38D15E909C}.Release|ARM.ActiveCfg = Release|Any CPU
		{388AA0DB-C766-4AAE-80C0-3A38D15E909C}.Release|x64.ActiveCfg = Release|Any CPU
		{388AA0DB-C766-4AAE-80C0-3A38D15E909C}.Release|x86.ActiveCfg = Release|Any CPU
		{6F6E760C-81D7-4D77-83C5-ED39BE18FD7D}.Debug|Any CPU.ActiveCfg = Debug|Any CPU
		{6F6E760C-81D7-4D77-83C5-ED39BE18FD7D}.Debug|Any CPU.Build.0 = Debug|Any CPU
		{6F6E760C-81D7-4D77-83C5-ED39BE18FD7D}.Debug|ARM.ActiveCfg = Debug|Any CPU
		{6F6E760C-81D7-4D77-83C5-ED39BE18FD7D}.Debug|x64.ActiveCfg = Debug|Any CPU
		{6F6E760C-81D7-4D77-83C5-ED39BE18FD7D}.Debug|x86.ActiveCfg = Debug|Any CPU
		{6F6E760C-81D7-4D77-83C5-ED39BE18FD7D}.Release|Any CPU.ActiveCfg = Release|Any CPU
		{6F6E760C-81D7-4D77-83C5-ED39BE18FD7D}.Release|Any CPU.Build.0 = Release|Any CPU
		{6F6E760C-81D7-4D77-83C5-ED39BE18FD7D}.Release|ARM.ActiveCfg = Release|Any CPU
		{6F6E760C-81D7-4D77-83C5-ED39BE18FD7D}.Release|x64.ActiveCfg = Release|Any CPU
		{6F6E760C-81D7-4D77-83C5-ED39BE18FD7D}.Release|x86.ActiveCfg = Release|Any CPU
		{C1AB6BEC-0282-4699-A92C-F6F81AD798B7}.Debug|Any CPU.ActiveCfg = Debug|Any CPU
		{C1AB6BEC-0282-4699-A92C-F6F81AD798B7}.Debug|Any CPU.Build.0 = Debug|Any CPU
		{C1AB6BEC-0282-4699-A92C-F6F81AD798B7}.Debug|ARM.ActiveCfg = Debug|Any CPU
		{C1AB6BEC-0282-4699-A92C-F6F81AD798B7}.Debug|x64.ActiveCfg = Debug|Any CPU
		{C1AB6BEC-0282-4699-A92C-F6F81AD798B7}.Debug|x86.ActiveCfg = Debug|Any CPU
		{C1AB6BEC-0282-4699-A92C-F6F81AD798B7}.Release|Any CPU.ActiveCfg = Release|Any CPU
		{C1AB6BEC-0282-4699-A92C-F6F81AD798B7}.Release|Any CPU.Build.0 = Release|Any CPU
		{C1AB6BEC-0282-4699-A92C-F6F81AD798B7}.Release|ARM.ActiveCfg = Release|Any CPU
		{C1AB6BEC-0282-4699-A92C-F6F81AD798B7}.Release|x64.ActiveCfg = Release|Any CPU
		{C1AB6BEC-0282-4699-A92C-F6F81AD798B7}.Release|x86.ActiveCfg = Release|Any CPU
		{68938721-6927-4D49-9D7C-C5607CB6D966}.Debug|Any CPU.ActiveCfg = Debug|Any CPU
		{68938721-6927-4D49-9D7C-C5607CB6D966}.Debug|Any CPU.Build.0 = Debug|Any CPU
		{68938721-6927-4D49-9D7C-C5607CB6D966}.Debug|ARM.ActiveCfg = Debug|Any CPU
		{68938721-6927-4D49-9D7C-C5607CB6D966}.Debug|x64.ActiveCfg = Debug|Any CPU
		{68938721-6927-4D49-9D7C-C5607CB6D966}.Debug|x86.ActiveCfg = Debug|Any CPU
		{68938721-6927-4D49-9D7C-C5607CB6D966}.Release|Any CPU.ActiveCfg = Release|Any CPU
		{68938721-6927-4D49-9D7C-C5607CB6D966}.Release|Any CPU.Build.0 = Release|Any CPU
		{68938721-6927-4D49-9D7C-C5607CB6D966}.Release|ARM.ActiveCfg = Release|Any CPU
		{68938721-6927-4D49-9D7C-C5607CB6D966}.Release|x64.ActiveCfg = Release|Any CPU
		{68938721-6927-4D49-9D7C-C5607CB6D966}.Release|x86.ActiveCfg = Release|Any CPU
		{4C9F3530-01AE-4456-BBB8-E245E0EDC090}.Debug|Any CPU.ActiveCfg = Debug|Any CPU
		{4C9F3530-01AE-4456-BBB8-E245E0EDC090}.Debug|Any CPU.Build.0 = Debug|Any CPU
		{4C9F3530-01AE-4456-BBB8-E245E0EDC090}.Debug|Any CPU.Deploy.0 = Debug|Any CPU
		{4C9F3530-01AE-4456-BBB8-E245E0EDC090}.Debug|ARM.ActiveCfg = Debug|ARM
		{4C9F3530-01AE-4456-BBB8-E245E0EDC090}.Debug|ARM.Build.0 = Debug|ARM
		{4C9F3530-01AE-4456-BBB8-E245E0EDC090}.Debug|ARM.Deploy.0 = Debug|ARM
		{4C9F3530-01AE-4456-BBB8-E245E0EDC090}.Debug|x64.ActiveCfg = Debug|x64
		{4C9F3530-01AE-4456-BBB8-E245E0EDC090}.Debug|x64.Build.0 = Debug|x64
		{4C9F3530-01AE-4456-BBB8-E245E0EDC090}.Debug|x64.Deploy.0 = Debug|x64
		{4C9F3530-01AE-4456-BBB8-E245E0EDC090}.Debug|x86.ActiveCfg = Debug|x86
		{4C9F3530-01AE-4456-BBB8-E245E0EDC090}.Debug|x86.Build.0 = Debug|x86
		{4C9F3530-01AE-4456-BBB8-E245E0EDC090}.Debug|x86.Deploy.0 = Debug|x86
		{4C9F3530-01AE-4456-BBB8-E245E0EDC090}.Release|Any CPU.ActiveCfg = Release|Any CPU
		{4C9F3530-01AE-4456-BBB8-E245E0EDC090}.Release|Any CPU.Build.0 = Release|Any CPU
		{4C9F3530-01AE-4456-BBB8-E245E0EDC090}.Release|Any CPU.Deploy.0 = Release|Any CPU
		{4C9F3530-01AE-4456-BBB8-E245E0EDC090}.Release|ARM.ActiveCfg = Release|ARM
		{4C9F3530-01AE-4456-BBB8-E245E0EDC090}.Release|ARM.Build.0 = Release|ARM
		{4C9F3530-01AE-4456-BBB8-E245E0EDC090}.Release|ARM.Deploy.0 = Release|ARM
		{4C9F3530-01AE-4456-BBB8-E245E0EDC090}.Release|x64.ActiveCfg = Release|x64
		{4C9F3530-01AE-4456-BBB8-E245E0EDC090}.Release|x64.Build.0 = Release|x64
		{4C9F3530-01AE-4456-BBB8-E245E0EDC090}.Release|x64.Deploy.0 = Release|x64
		{4C9F3530-01AE-4456-BBB8-E245E0EDC090}.Release|x86.ActiveCfg = Release|x86
		{4C9F3530-01AE-4456-BBB8-E245E0EDC090}.Release|x86.Build.0 = Release|x86
		{4C9F3530-01AE-4456-BBB8-E245E0EDC090}.Release|x86.Deploy.0 = Release|x86
		{BEE65368-CE37-4C56-9508-F32CB9FF52DD}.Debug|Any CPU.ActiveCfg = Debug|Any CPU
		{BEE65368-CE37-4C56-9508-F32CB9FF52DD}.Debug|Any CPU.Build.0 = Debug|Any CPU
		{BEE65368-CE37-4C56-9508-F32CB9FF52DD}.Debug|Any CPU.Deploy.0 = Debug|Any CPU
		{BEE65368-CE37-4C56-9508-F32CB9FF52DD}.Debug|ARM.ActiveCfg = Debug|ARM
		{BEE65368-CE37-4C56-9508-F32CB9FF52DD}.Debug|ARM.Build.0 = Debug|ARM
		{BEE65368-CE37-4C56-9508-F32CB9FF52DD}.Debug|ARM.Deploy.0 = Debug|ARM
		{BEE65368-CE37-4C56-9508-F32CB9FF52DD}.Debug|x64.ActiveCfg = Debug|x64
		{BEE65368-CE37-4C56-9508-F32CB9FF52DD}.Debug|x64.Build.0 = Debug|x64
		{BEE65368-CE37-4C56-9508-F32CB9FF52DD}.Debug|x64.Deploy.0 = Debug|x64
		{BEE65368-CE37-4C56-9508-F32CB9FF52DD}.Debug|x86.ActiveCfg = Debug|x86
		{BEE65368-CE37-4C56-9508-F32CB9FF52DD}.Debug|x86.Build.0 = Debug|x86
		{BEE65368-CE37-4C56-9508-F32CB9FF52DD}.Debug|x86.Deploy.0 = Debug|x86
		{BEE65368-CE37-4C56-9508-F32CB9FF52DD}.Release|Any CPU.ActiveCfg = Release|Any CPU
		{BEE65368-CE37-4C56-9508-F32CB9FF52DD}.Release|Any CPU.Build.0 = Release|Any CPU
		{BEE65368-CE37-4C56-9508-F32CB9FF52DD}.Release|Any CPU.Deploy.0 = Release|Any CPU
		{BEE65368-CE37-4C56-9508-F32CB9FF52DD}.Release|ARM.ActiveCfg = Release|ARM
		{BEE65368-CE37-4C56-9508-F32CB9FF52DD}.Release|ARM.Build.0 = Release|ARM
		{BEE65368-CE37-4C56-9508-F32CB9FF52DD}.Release|ARM.Deploy.0 = Release|ARM
		{BEE65368-CE37-4C56-9508-F32CB9FF52DD}.Release|x64.ActiveCfg = Release|x64
		{BEE65368-CE37-4C56-9508-F32CB9FF52DD}.Release|x64.Build.0 = Release|x64
		{BEE65368-CE37-4C56-9508-F32CB9FF52DD}.Release|x64.Deploy.0 = Release|x64
		{BEE65368-CE37-4C56-9508-F32CB9FF52DD}.Release|x86.ActiveCfg = Release|x86
		{BEE65368-CE37-4C56-9508-F32CB9FF52DD}.Release|x86.Build.0 = Release|x86
		{BEE65368-CE37-4C56-9508-F32CB9FF52DD}.Release|x86.Deploy.0 = Release|x86
	EndGlobalSection
	GlobalSection(SolutionProperties) = preSolution
		HideSolutionNode = FALSE
	EndGlobalSection
EndGlobal
